// !$*UTF8*$!
{
	archiveVersion = 1;
	classes = {
	};
	objectVersion = 46;
	objects = {

/* Begin PBXBuildFile section */
		496CFA971A96CFCB006FB4C7 /* AppDelegate.swift in Sources */ = {isa = PBXBuildFile; fileRef = 496CFA961A96CFCB006FB4C7 /* AppDelegate.swift */; };
		496CFA991A96CFCB006FB4C7 /* ViewController.swift in Sources */ = {isa = PBXBuildFile; fileRef = 496CFA981A96CFCB006FB4C7 /* ViewController.swift */; };
		496CFA9C1A96CFCB006FB4C7 /* Main.storyboard in Resources */ = {isa = PBXBuildFile; fileRef = 496CFA9A1A96CFCB006FB4C7 /* Main.storyboard */; };
		496CFA9E1A96CFCB006FB4C7 /* Images.xcassets in Resources */ = {isa = PBXBuildFile; fileRef = 496CFA9D1A96CFCB006FB4C7 /* Images.xcassets */; };
		496CFAA11A96CFCB006FB4C7 /* LaunchScreen.xib in Resources */ = {isa = PBXBuildFile; fileRef = 496CFA9F1A96CFCB006FB4C7 /* LaunchScreen.xib */; };
		496CFAAD1A96CFCB006FB4C7 /* a3MailboxTests.swift in Sources */ = {isa = PBXBuildFile; fileRef = 496CFAAC1A96CFCB006FB4C7 /* a3MailboxTests.swift */; };
/* End PBXBuildFile section */

/* Begin PBXContainerItemProxy section */
		496CFAA71A96CFCB006FB4C7 /* PBXContainerItemProxy */ = {
			isa = PBXContainerItemProxy;
			containerPortal = 496CFA891A96CFCB006FB4C7 /* Project object */;
			proxyType = 1;
			remoteGlobalIDString = 496CFA901A96CFCB006FB4C7;
			remoteInfo = a3Mailbox;
		};
/* End PBXContainerItemProxy section */

/* Begin PBXFileReference section */
		496CFA911A96CFCB006FB4C7 /* a3Mailbox.app */ = {isa = PBXFileReference; explicitFileType = wrapper.application; includeInIndex = 0; path = a3Mailbox.app; sourceTree = BUILT_PRODUCTS_DIR; };
		496CFA951A96CFCB006FB4C7 /* Info.plist */ = {isa = PBXFileReference; lastKnownFileType = text.plist.xml; path = Info.plist; sourceTree = "<group>"; };
		496CFA961A96CFCB006FB4C7 /* AppDelegate.swift */ = {isa = PBXFileReference; lastKnownFileType = sourcecode.swift; path = AppDelegate.swift; sourceTree = "<group>"; };
		496CFA981A96CFCB006FB4C7 /* ViewController.swift */ = {isa = PBXFileReference; lastKnownFileType = sourcecode.swift; path = ViewController.swift; sourceTree = "<group>"; };
		496CFA9B1A96CFCB006FB4C7 /* Base */ = {isa = PBXFileReference; lastKnownFileType = file.storyboard; name = Base; path = Base.lproj/Main.storyboard; sourceTree = "<group>"; };
		496CFA9D1A96CFCB006FB4C7 /* Images.xcassets */ = {isa = PBXFileReference; lastKnownFileType = folder.assetcatalog; path = Images.xcassets; sourceTree = "<group>"; };
		496CFAA01A96CFCB006FB4C7 /* Base */ = {isa = PBXFileReference; lastKnownFileType = file.xib; name = Base; path = Base.lproj/LaunchScreen.xib; sourceTree = "<group>"; };
		496CFAA61A96CFCB006FB4C7 /* a3MailboxTests.xctest */ = {isa = PBXFileReference; explicitFileType = wrapper.cfbundle; includeInIndex = 0; path = a3MailboxTests.xctest; sourceTree = BUILT_PRODUCTS_DIR; };
		496CFAAB1A96CFCB006FB4C7 /* Info.plist */ = {isa = PBXFileReference; lastKnownFileType = text.plist.xml; path = Info.plist; sourceTree = "<group>"; };
		496CFAAC1A96CFCB006FB4C7 /* a3MailboxTests.swift */ = {isa = PBXFileReference; lastKnownFileType = sourcecode.swift; path = a3MailboxTests.swift; sourceTree = "<group>"; };
/* End PBXFileReference section */

/* Begin PBXFrameworksBuildPhase section */
		496CFA8E1A96CFCB006FB4C7 /* Frameworks */ = {
			isa = PBXFrameworksBuildPhase;
			buildActionMask = 2147483647;
			files = (
			);
			runOnlyForDeploymentPostprocessing = 0;
		};
		496CFAA31A96CFCB006FB4C7 /* Frameworks */ = {
			isa = PBXFrameworksBuildPhase;
			buildActionMask = 2147483647;
			files = (
			);
			runOnlyForDeploymentPostprocessing = 0;
		};
/* End PBXFrameworksBuildPhase section */

/* Begin PBXGroup section */
		496CFA881A96CFCB006FB4C7 = {
			isa = PBXGroup;
			children = (
				496CFA931A96CFCB006FB4C7 /* a3Mailbox */,
				496CFAA91A96CFCB006FB4C7 /* a3MailboxTests */,
				496CFA921A96CFCB006FB4C7 /* Products */,
			);
			sourceTree = "<group>";
		};
		496CFA921A96CFCB006FB4C7 /* Products */ = {
			isa = PBXGroup;
			children = (
				496CFA911A96CFCB006FB4C7 /* a3Mailbox.app */,
				496CFAA61A96CFCB006FB4C7 /* a3MailboxTests.xctest */,
			);
			name = Products;
			sourceTree = "<group>";
		};
		496CFA931A96CFCB006FB4C7 /* a3Mailbox */ = {
			isa = PBXGroup;
			children = (
				496CFA961A96CFCB006FB4C7 /* AppDelegate.swift */,
				496CFA981A96CFCB006FB4C7 /* ViewController.swift */,
				496CFA9A1A96CFCB006FB4C7 /* Main.storyboard */,
				496CFA9D1A96CFCB006FB4C7 /* Images.xcassets */,
				496CFA9F1A96CFCB006FB4C7 /* LaunchScreen.xib */,
				496CFA941A96CFCB006FB4C7 /* Supporting Files */,
			);
			path = a3Mailbox;
			sourceTree = "<group>";
		};
		496CFA941A96CFCB006FB4C7 /* Supporting Files */ = {
			isa = PBXGroup;
			children = (
				496CFA951A96CFCB006FB4C7 /* Info.plist */,
			);
			name = "Supporting Files";
			sourceTree = "<group>";
		};
		496CFAA91A96CFCB006FB4C7 /* a3MailboxTests */ = {
			isa = PBXGroup;
			children = (
				496CFAAC1A96CFCB006FB4C7 /* a3MailboxTests.swift */,
				496CFAAA1A96CFCB006FB4C7 /* Supporting Files */,
			);
			path = a3MailboxTests;
			sourceTree = "<group>";
		};
		496CFAAA1A96CFCB006FB4C7 /* Supporting Files */ = {
			isa = PBXGroup;
			children = (
				496CFAAB1A96CFCB006FB4C7 /* Info.plist */,
			);
			name = "Supporting Files";
			sourceTree = "<group>";
		};
/* End PBXGroup section */

/* Begin PBXNativeTarget section */
		496CFA901A96CFCB006FB4C7 /* a3Mailbox */ = {
			isa = PBXNativeTarget;
			buildConfigurationList = 496CFAB01A96CFCB006FB4C7 /* Build configuration list for PBXNativeTarget "a3Mailbox" */;
			buildPhases = (
				496CFA8D1A96CFCB006FB4C7 /* Sources */,
				496CFA8E1A96CFCB006FB4C7 /* Frameworks */,
				496CFA8F1A96CFCB006FB4C7 /* Resources */,
			);
			buildRules = (
			);
			dependencies = (
			);
			name = a3Mailbox;
			productName = a3Mailbox;
			productReference = 496CFA911A96CFCB006FB4C7 /* a3Mailbox.app */;
			productType = "com.apple.product-type.application";
		};
		496CFAA51A96CFCB006FB4C7 /* a3MailboxTests */ = {
			isa = PBXNativeTarget;
			buildConfigurationList = 496CFAB31A96CFCB006FB4C7 /* Build configuration list for PBXNativeTarget "a3MailboxTests" */;
			buildPhases = (
				496CFAA21A96CFCB006FB4C7 /* Sources */,
				496CFAA31A96CFCB006FB4C7 /* Frameworks */,
				496CFAA41A96CFCB006FB4C7 /* Resources */,
			);
			buildRules = (
			);
			dependencies = (
				496CFAA81A96CFCB006FB4C7 /* PBXTargetDependency */,
			);
			name = a3MailboxTests;
			productName = a3MailboxTests;
			productReference = 496CFAA61A96CFCB006FB4C7 /* a3MailboxTests.xctest */;
			productType = "com.apple.product-type.bundle.unit-test";
		};
/* End PBXNativeTarget section */

/* Begin PBXProject section */
		496CFA891A96CFCB006FB4C7 /* Project object */ = {
			isa = PBXProject;
			attributes = {
				LastUpgradeCheck = 0610;
				ORGANIZATIONNAME = D3;
				TargetAttributes = {
					496CFA901A96CFCB006FB4C7 = {
						CreatedOnToolsVersion = 6.1.1;
					};
					496CFAA51A96CFCB006FB4C7 = {
						CreatedOnToolsVersion = 6.1.1;
						TestTargetID = 496CFA901A96CFCB006FB4C7;
					};
				};
			};
			buildConfigurationList = 496CFA8C1A96CFCB006FB4C7 /* Build configuration list for PBXProject "a3Mailbox" */;
			compatibilityVersion = "Xcode 3.2";
			developmentRegion = English;
			hasScannedForEncodings = 0;
			knownRegions = (
				en,
				Base,
			);
			mainGroup = 496CFA881A96CFCB006FB4C7;
			productRefGroup = 496CFA921A96CFCB006FB4C7 /* Products */;
			projectDirPath = "";
			projectRoot = "";
			targets = (
				496CFA901A96CFCB006FB4C7 /* a3Mailbox */,
				496CFAA51A96CFCB006FB4C7 /* a3MailboxTests */,
			);
		};
/* End PBXProject section */

/* Begin PBXResourcesBuildPhase section */
		496CFA8F1A96CFCB006FB4C7 /* Resources */ = {
			isa = PBXResourcesBuildPhase;
			buildActionMask = 2147483647;
			files = (
				496CFA9C1A96CFCB006FB4C7 /* Main.storyboard in Resources */,
				496CFAA11A96CFCB006FB4C7 /* LaunchScreen.xib in Resources */,
				496CFA9E1A96CFCB006FB4C7 /* Images.xcassets in Resources */,
			);
			runOnlyForDeploymentPostprocessing = 0;
		};
		496CFAA41A96CFCB006FB4C7 /* Resources */ = {
			isa = PBXResourcesBuildPhase;
			buildActionMask = 2147483647;
			files = (
			);
			runOnlyForDeploymentPostprocessing = 0;
		};
/* End PBXResourcesBuildPhase section */

/* Begin PBXSourcesBuildPhase section */
		496CFA8D1A96CFCB006FB4C7 /* Sources */ = {
			isa = PBXSourcesBuildPhase;
			buildActionMask = 2147483647;
			files = (
				496CFA991A96CFCB006FB4C7 /* ViewController.swift in Sources */,
				496CFA971A96CFCB006FB4C7 /* AppDelegate.swift in Sources */,
			);
			runOnlyForDeploymentPostprocessing = 0;
		};
		496CFAA21A96CFCB006FB4C7 /* Sources */ = {
			isa = PBXSourcesBuildPhase;
			buildActionMask = 2147483647;
			files = (
				496CFAAD1A96CFCB006FB4C7 /* a3MailboxTests.swift in Sources */,
			);
			runOnlyForDeploymentPostprocessing = 0;
		};
/* End PBXSourcesBuildPhase section */

/* Begin PBXTargetDependency section */
		496CFAA81A96CFCB006FB4C7 /* PBXTargetDependency */ = {
			isa = PBXTargetDependency;
			target = 496CFA901A96CFCB006FB4C7 /* a3Mailbox */;
			targetProxy = 496CFAA71A96CFCB006FB4C7 /* PBXContainerItemProxy */;
		};
/* End PBXTargetDependency section */

/* Begin PBXVariantGroup section */
		496CFA9A1A96CFCB006FB4C7 /* Main.storyboard */ = {
			isa = PBXVariantGroup;
			children = (
				496CFA9B1A96CFCB006FB4C7 /* Base */,
			);
			name = Main.storyboard;
			sourceTree = "<group>";
		};
		496CFA9F1A96CFCB006FB4C7 /* LaunchScreen.xib */ = {
			isa = PBXVariantGroup;
			children = (
				496CFAA01A96CFCB006FB4C7 /* Base */,
			);
			name = LaunchScreen.xib;
			sourceTree = "<group>";
		};
/* End PBXVariantGroup section */

/* Begin XCBuildConfiguration section */
		496CFAAE1A96CFCB006FB4C7 /* Debug */ = {
			isa = XCBuildConfiguration;
			buildSettings = {
				ALWAYS_SEARCH_USER_PATHS = NO;
				CLANG_CXX_LANGUAGE_STANDARD = "gnu++0x";
				CLANG_CXX_LIBRARY = "libc++";
				CLANG_ENABLE_MODULES = YES;
				CLANG_ENABLE_OBJC_ARC = YES;
				CLANG_WARN_BOOL_CONVERSION = YES;
				CLANG_WARN_CONSTANT_CONVERSION = YES;
				CLANG_WARN_DIRECT_OBJC_ISA_USAGE = YES_ERROR;
				CLANG_WARN_EMPTY_BODY = YES;
				CLANG_WARN_ENUM_CONVERSION = YES;
				CLANG_WARN_INT_CONVERSION = YES;
				CLANG_WARN_OBJC_ROOT_CLASS = YES_ERROR;
				CLANG_WARN_UNREACHABLE_CODE = YES;
				CLANG_WARN__DUPLICATE_METHOD_MATCH = YES;
				"CODE_SIGN_IDENTITY[sdk=iphoneos*]" = "iPhone Developer";
				COPY_PHASE_STRIP = NO;
				ENABLE_STRICT_OBJC_MSGSEND = YES;
				GCC_C_LANGUAGE_STANDARD = gnu99;
				GCC_DYNAMIC_NO_PIC = NO;
				GCC_OPTIMIZATION_LEVEL = 0;
				GCC_PREPROCESSOR_DEFINITIONS = (
					"DEBUG=1",
					"$(inherited)",
				);
				GCC_SYMBOLS_PRIVATE_EXTERN = NO;
				GCC_WARN_64_TO_32_BIT_CONVERSION = YES;
				GCC_WARN_ABOUT_RETURN_TYPE = YES_ERROR;
				GCC_WARN_UNDECLARED_SELECTOR = YES;
				GCC_WARN_UNINITIALIZED_AUTOS = YES_AGGRESSIVE;
				GCC_WARN_UNUSED_FUNCTION = YES;
				GCC_WARN_UNUSED_VARIABLE = YES;
				IPHONEOS_DEPLOYMENT_TARGET = 8.1;
				MTL_ENABLE_DEBUG_INFO = YES;
				ONLY_ACTIVE_ARCH = YES;
				SDKROOT = iphoneos;
				SWIFT_OPTIMIZATION_LEVEL = "-Onone";
			};
			name = Debug;
		};
		496CFAAF1A96CFCB006FB4C7 /* Release */ = {
			isa = XCBuildConfiguration;
			buildSettings = {
				ALWAYS_SEARCH_USER_PATHS = NO;
				CLANG_CXX_LANGUAGE_STANDARD = "gnu++0x";
				CLANG_CXX_LIBRARY = "libc++";
				CLANG_ENABLE_MODULES = YES;
				CLANG_ENABLE_OBJC_ARC = YES;
				CLANG_WARN_BOOL_CONVERSION = YES;
				CLANG_WARN_CONSTANT_CONVERSION = YES;
				CLANG_WARN_DIRECT_OBJC_ISA_USAGE = YES_ERROR;
				CLANG_WARN_EMPTY_BODY = YES;
				CLANG_WARN_ENUM_CONVERSION = YES;
				CLANG_WARN_INT_CONVERSION = YES;
				CLANG_WARN_OBJC_ROOT_CLASS = YES_ERROR;
				CLANG_WARN_UNREACHABLE_CODE = YES;
				CLANG_WARN__DUPLICATE_METHOD_MATCH = YES;
				"CODE_SIGN_IDENTITY[sdk=iphoneos*]" = "iPhone Developer";
				COPY_PHASE_STRIP = YES;
				ENABLE_NS_ASSERTIONS = NO;
				ENABLE_STRICT_OBJC_MSGSEND = YES;
				GCC_C_LANGUAGE_STANDARD = gnu99;
				GCC_WARN_64_TO_32_BIT_CONVERSION = YES;
				GCC_WARN_ABOUT_RETURN_TYPE = YES_ERROR;
				GCC_WARN_UNDECLARED_SELECTOR = YES;
				GCC_WARN_UNINITIALIZED_AUTOS = YES_AGGRESSIVE;
				GCC_WARN_UNUSED_FUNCTION = YES;
				GCC_WARN_UNUSED_VARIABLE = YES;
				IPHONEOS_DEPLOYMENT_TARGET = 8.1;
				MTL_ENABLE_DEBUG_INFO = NO;
				SDKROOT = iphoneos;
				VALIDATE_PRODUCT = YES;
			};
			name = Release;
		};
		496CFAB11A96CFCB006FB4C7 /* Debug */ = {
			isa = XCBuildConfiguration;
			buildSettings = {
				ASSETCATALOG_COMPILER_APPICON_NAME = AppIcon;
				INFOPLIST_FILE = a3Mailbox/Info.plist;
				LD_RUNPATH_SEARCH_PATHS = "$(inherited) @executable_path/Frameworks";
				PRODUCT_NAME = "$(TARGET_NAME)";
			};
			name = Debug;
		};
		496CFAB21A96CFCB006FB4C7 /* Release */ = {
			isa = XCBuildConfiguration;
			buildSettings = {
				ASSETCATALOG_COMPILER_APPICON_NAME = AppIcon;
				INFOPLIST_FILE = a3Mailbox/Info.plist;
				LD_RUNPATH_SEARCH_PATHS = "$(inherited) @executable_path/Frameworks";
				PRODUCT_NAME = "$(TARGET_NAME)";
			};
			name = Release;
		};
		496CFAB41A96CFCB006FB4C7 /* Debug */ = {
			isa = XCBuildConfiguration;
			buildSettings = {
				BUNDLE_LOADER = "$(TEST_HOST)";
				FRAMEWORK_SEARCH_PATHS = (
					"$(SDKROOT)/Developer/Library/Frameworks",
					"$(inherited)",
				);
				GCC_PREPROCESSOR_DEFINITIONS = (
					"DEBUG=1",
					"$(inherited)",
				);
				INFOPLIST_FILE = a3MailboxTests/Info.plist;
				LD_RUNPATH_SEARCH_PATHS = "$(inherited) @executable_path/Frameworks @loader_path/Frameworks";
				PRODUCT_NAME = "$(TARGET_NAME)";
				TEST_HOST = "$(BUILT_PRODUCTS_DIR)/a3Mailbox.app/a3Mailbox";
			};
			name = Debug;
		};
		496CFAB51A96CFCB006FB4C7 /* Release */ = {
			isa = XCBuildConfiguration;
			buildSettings = {
				BUNDLE_LOADER = "$(TEST_HOST)";
				FRAMEWORK_SEARCH_PATHS = (
					"$(SDKROOT)/Developer/Library/Frameworks",
					"$(inherited)",
				);
				INFOPLIST_FILE = a3MailboxTests/Info.plist;
				LD_RUNPATH_SEARCH_PATHS = "$(inherited) @executable_path/Frameworks @loader_path/Frameworks";
				PRODUCT_NAME = "$(TARGET_NAME)";
				TEST_HOST = "$(BUILT_PRODUCTS_DIR)/a3Mailbox.app/a3Mailbox";
			};
			name = Release;
		};
/* End XCBuildConfiguration section */

/* Begin XCConfigurationList section */
		496CFA8C1A96CFCB006FB4C7 /* Build configuration list for PBXProject "a3Mailbox" */ = {
			isa = XCConfigurationList;
			buildConfigurations = (
				496CFAAE1A96CFCB006FB4C7 /* Debug */,
				496CFAAF1A96CFCB006FB4C7 /* Release */,
			);
			defaultConfigurationIsVisible = 0;
			defaultConfigurationName = Release;
		};
		496CFAB01A96CFCB006FB4C7 /* Build configuration list for PBXNativeTarget "a3Mailbox" */ = {
			isa = XCConfigurationList;
			buildConfigurations = (
				496CFAB11A96CFCB006FB4C7 /* Debug */,
				496CFAB21A96CFCB006FB4C7 /* Release */,
			);
			defaultConfigurationIsVisible = 0;
		};
		496CFAB31A96CFCB006FB4C7 /* Build configuration list for PBXNativeTarget "a3MailboxTests" */ = {
			isa = XCConfigurationList;
			buildConfigurations = (
				496CFAB41A96CFCB006FB4C7 /* Debug */,
				496CFAB51A96CFCB006FB4C7 /* Release */,
			);
			defaultConfigurationIsVisible = 0;
		};
/* End XCConfigurationList section */
	};
	rootObject = 496CFA891A96CFCB006FB4C7 /* Project object */;
}
